// !$*UTF8*$!
{
	archiveVersion = 1;
	classes = {
	};
	objectVersion = 46;
	objects = {

/* Begin PBXBuildFile section */
		B2C0C34513FE084900816928 /* main.c in Sources */ = {isa = PBXBuildFile; fileRef = B2C0C34413FE084900816928 /* main.c */; };
		B2C0C34713FE084900816928 /* avr_comm_sys.1 in CopyFiles */ = {isa = PBXBuildFile; fileRef = B2C0C34613FE084900816928 /* avr_comm_sys.1 */; };
/* End PBXBuildFile section */

/* Begin PBXCopyFilesBuildPhase section */
		B2C0C33E13FE084900816928 /* CopyFiles */ = {
			isa = PBXCopyFilesBuildPhase;
			buildActionMask = 2147483647;
			dstPath = /usr/share/man/man1/;
			dstSubfolderSpec = 0;
			files = (
				B2C0C34713FE084900816928 /* avr_comm_sys.1 in CopyFiles */,
			);
			runOnlyForDeploymentPostprocessing = 1;
		};
/* End PBXCopyFilesBuildPhase section */

/* Begin PBXFileReference section */
		B2C0C34013FE084900816928 /* avr_comm_sys */ = {isa = PBXFileReference; explicitFileType = "compiled.mach-o.executable"; includeInIndex = 0; path = avr_comm_sys; sourceTree = BUILT_PRODUCTS_DIR; };
		B2C0C34413FE084900816928 /* main.c */ = {isa = PBXFileReference; lastKnownFileType = sourcecode.c.c; path = main.c; sourceTree = "<group>"; };
		B2C0C34613FE084900816928 /* avr_comm_sys.1 */ = {isa = PBXFileReference; lastKnownFileType = text.man; path = avr_comm_sys.1; sourceTree = "<group>"; };
/* End PBXFileReference section */

/* Begin PBXFrameworksBuildPhase section */
		B2C0C33D13FE084900816928 /* Frameworks */ = {
			isa = PBXFrameworksBuildPhase;
			buildActionMask = 2147483647;
			files = (
			);
			runOnlyForDeploymentPostprocessing = 0;
		};
/* End PBXFrameworksBuildPhase section */

/* Begin PBXGroup section */
		B2C0C33513FE084900816928 = {
			isa = PBXGroup;
			children = (
				B2C0C34313FE084900816928 /* avr_comm_sys */,
				B2C0C34113FE084900816928 /* Products */,
			);
			sourceTree = "<group>";
		};
		B2C0C34113FE084900816928 /* Products */ = {
			isa = PBXGroup;
			children = (
				B2C0C34013FE084900816928 /* avr_comm_sys */,
			);
			name = Products;
			sourceTree = "<group>";
		};
		B2C0C34313FE084900816928 /* avr_comm_sys */ = {
			isa = PBXGroup;
			children = (
				B2C0C34413FE084900816928 /* main.c */,
				B2C0C34613FE084900816928 /* avr_comm_sys.1 */,
			);
			path = avr_comm_sys;
			sourceTree = "<group>";
		};
/* End PBXGroup section */

/* Begin PBXNativeTarget section */
		B2C0C33F13FE084900816928 /* avr_comm_sys */ = {
			isa = PBXNativeTarget;
			buildConfigurationList = B2C0C34A13FE084900816928 /* Build configuration list for PBXNativeTarget "avr_comm_sys" */;
			buildPhases = (
				B2C0C33C13FE084900816928 /* Sources */,
				B2C0C33D13FE084900816928 /* Frameworks */,
				B2C0C33E13FE084900816928 /* CopyFiles */,
			);
			buildRules = (
			);
			dependencies = (
			);
			name = avr_comm_sys;
			productName = avr_comm_sys;
			productReference = B2C0C34013FE084900816928 /* avr_comm_sys */;
			productType = "com.apple.product-type.tool";
		};
/* End PBXNativeTarget section */

/* Begin PBXProject section */
		B2C0C33713FE084900816928 /* Project object */ = {
			isa = PBXProject;
			buildConfigurationList = B2C0C33A13FE084900816928 /* Build configuration list for PBXProject "avr_comm_sys" */;
			compatibilityVersion = "Xcode 3.2";
			developmentRegion = English;
			hasScannedForEncodings = 0;
			knownRegions = (
				en,
			);
			mainGroup = B2C0C33513FE084900816928;
			productRefGroup = B2C0C34113FE084900816928 /* Products */;
			projectDirPath = "";
			projectRoot = "";
			targets = (
				B2C0C33F13FE084900816928 /* avr_comm_sys */,
			);
		};
/* End PBXProject section */

/* Begin PBXSourcesBuildPhase section */
		B2C0C33C13FE084900816928 /* Sources */ = {
			isa = PBXSourcesBuildPhase;
			buildActionMask = 2147483647;
			files = (
				B2C0C34513FE084900816928 /* main.c in Sources */,
			);
			runOnlyForDeploymentPostprocessing = 0;
		};
/* End PBXSourcesBuildPhase section */

/* Begin XCBuildConfiguration section */
		B2C0C34813FE084900816928 /* Debug */ = {
			isa = XCBuildConfiguration;
			buildSettings = {
				ALWAYS_SEARCH_USER_PATHS = NO;
				ARCHS = "$(ARCHS_STANDARD_64_BIT)";
				COPY_PHASE_STRIP = NO;
				GCC_C_LANGUAGE_STANDARD = gnu99;
				GCC_DYNAMIC_NO_PIC = NO;
				GCC_ENABLE_OBJC_EXCEPTIONS = YES;
				GCC_OPTIMIZATION_LEVEL = 0;
				GCC_PREPROCESSOR_DEFINITIONS = (
					"DEBUG=1",
					"$(inherited)",
				);
				GCC_SYMBOLS_PRIVATE_EXTERN = NO;
				GCC_VERSION = com.apple.compilers.llvm.clang.1_0;
				GCC_WARN_64_TO_32_BIT_CONVERSION = YES;
				GCC_WARN_ABOUT_MISSING_PROTOTYPES = YES;
				GCC_WARN_ABOUT_RETURN_TYPE = YES;
				GCC_WARN_UNUSED_VARIABLE = YES;
				MACOSX_DEPLOYMENT_TARGET = 10.7;
				ONLY_ACTIVE_ARCH = YES;
				SDKROOT = macosx;
			};
			name = Debug;
		};
		B2C0C34913FE084900816928 /* Release */ = {
			isa = XCBuildConfiguration;
			buildSettings = {
				ALWAYS_SEARCH_USER_PATHS = NO;
				ARCHS = "$(ARCHS_STANDARD_64_BIT)";
				COPY_PHASE_STRIP = YES;
				DEBUG_INFORMATION_FORMAT = "dwarf-with-dsym";
				GCC_C_LANGUAGE_STANDARD = gnu99;
				GCC_ENABLE_OBJC_EXCEPTIONS = YES;
				GCC_VERSION = com.apple.compilers.llvm.clang.1_0;
				GCC_WARN_64_TO_32_BIT_CONVERSION = YES;
				GCC_WARN_ABOUT_MISSING_PROTOTYPES = YES;
				GCC_WARN_ABOUT_RETURN_TYPE = YES;
				GCC_WARN_UNUSED_VARIABLE = YES;
				MACOSX_DEPLOYMENT_TARGET = 10.7;
				SDKROOT = macosx;
			};
			name = Release;
		};
		B2C0C34B13FE084900816928 /* Debug */ = {
			isa = XCBuildConfiguration;
			buildSettings = {
				PRODUCT_NAME = "$(TARGET_NAME)";
			};
			name = Debug;
		};
		B2C0C34C13FE084900816928 /* Release */ = {
			isa = XCBuildConfiguration;
			buildSettings = {
				PRODUCT_NAME = "$(TARGET_NAME)";
			};
			name = Release;
		};
/* End XCBuildConfiguration section */

/* Begin XCConfigurationList section */
		B2C0C33A13FE084900816928 /* Build configuration list for PBXProject "avr_comm_sys" */ = {
			isa = XCConfigurationList;
			buildConfigurations = (
				B2C0C34813FE084900816928 /* Debug */,
				B2C0C34913FE084900816928 /* Release */,
			);
			defaultConfigurationIsVisible = 0;
			defaultConfigurationName = Release;
		};
		B2C0C34A13FE084900816928 /* Build configuration list for PBXNativeTarget "avr_comm_sys" */ = {
			isa = XCConfigurationList;
			buildConfigurations = (
				B2C0C34B13FE084900816928 /* Debug */,
				B2C0C34C13FE084900816928 /* Release */,
			);
			defaultConfigurationIsVisible = 0;
		};
/* End XCConfigurationList section */
	};
	rootObject = B2C0C33713FE084900816928 /* Project object */;
}
